
Microsoft Visual Studio Solution File, Format Version 12.00
# Visual Studio 15
VisualStudioVersion = 15.0.28307.1082
MinimumVisualStudioVersion = 10.0.40219.1
Project("{8BC9CEB8-8B4A-11D0-8D11-00A0C91BC942}") = "UML", "UML\UML.vcxproj", "{5A088BFB-4B2A-4F10-963D-735F389F9E9B}"
EndProject
Project("{8BC9CEB8-8B4A-11D0-8D11-00A0C91BC942}") = "Car", "Car\Car.vcxproj", "{397B8DF9-5404-4CDF-9460-599AC8F7FBF2}"
EndProject
Global
	GlobalSection(SolutionConfigurationPlatforms) = preSolution
		Debug|x64 = Debug|x64
		Debug|x86 = Debug|x86
		Release|x64 = Release|x64
		Release|x86 = Release|x86
	EndGlobalSection
	GlobalSection(ProjectConfigurationPlatforms) = postSolution
		{5A088BFB-4B2A-4F10-963D-735F389F9E9B}.Debug|x64.ActiveCfg = Debug|x64
		{5A088BFB-4B2A-4F10-963D-735F389F9E9B}.Debug|x64.Build.0 = Debug|x64
		{5A088BFB-4B2A-4F10-963D-735F389F9E9B}.Debug|x86.ActiveCfg = Debug|Win32
		{5A088BFB-4B2A-4F10-963D-735F389F9E9B}.Debug|x86.Build.0 = Debug|Win32
		{5A088BFB-4B2A-4F10-963D-735F389F9E9B}.Release|x64.ActiveCfg = Release|x64
		{5A088BFB-4B2A-4F10-963D-735F389F9E9B}.Release|x64.Build.0 = Release|x64
		{5A088BFB-4B2A-4F10-963D-735F389F9E9B}.Release|x86.ActiveCfg = Release|Win32
		{5A088BFB-4B2A-4F10-963D-735F389F9E9B}.Release|x86.Build.0 = Release|Win32
		{397B8DF9-5404-4CDF-9460-599AC8F7FBF2}.Debug|x64.ActiveCfg = Debug|x64
		{397B8DF9-5404-4CDF-9460-599AC8F7FBF2}.Debug|x64.Build.0 = Debug|x64
		{397B8DF9-5404-4CDF-9460-599AC8F7FBF2}.Debug|x86.ActiveCfg = Debug|Win32
		{397B8DF9-5404-4CDF-9460-599AC8F7FBF2}.Debug|x86.Build.0 = Debug|Win32
		{397B8DF9-5404-4CDF-9460-599AC8F7FBF2}.Release|x64.ActiveCfg = Release|x64
		{397B8DF9-5404-4CDF-9460-599AC8F7FBF2}.Release|x64.Build.0 = Release|x64
		{397B8DF9-5404-4CDF-9460-599AC8F7FBF2}.Release|x86.ActiveCfg = Release|Win32
		{397B8DF9-5404-4CDF-9460-599AC8F7FBF2}.Release|x86.Build.0 = Release|Win32
	EndGlobalSection
	GlobalSection(SolutionProperties) = preSolution
		HideSolutionNode = FALSE
	EndGlobalSection
	GlobalSection(ExtensibilityGlobals) = postSolution
		SolutionGuid = {4556B56F-47C5-47EC-A389-4935D16A9C39}
	EndGlobalSection
EndGlobal
